{
    "_meta": {
        "hash": {
            "sha256": "6ff23f40a57b28331cd39b39e8f91343f48050c49ce47393266b174af7cfc5e7"
        },
        "pipfile-spec": 6,
        "requires": {
            "python_version": "3.6"
        },
        "sources": [
            {
                "name": "pypi",
                "url": "https://pypi.org/simple",
                "verify_ssl": true
            }
        ]
    },
    "default": {
        "markovify": {
            "hashes": [
                "sha256:f016ef58f60a8afb925aa16803538561c4b00375bf0b7f84952c29993805b9a7"
            ],
            "index": "pypi",
            "version": "==0.7.1"
        },
        "unidecode": {
            "hashes": [
                "sha256:72f49d3729f3d8f5799f710b97c1451c5163102e76d64d20e170aedbbd923582",
                "sha256:8c33dd588e0c9bc22a76eaa0c715a5434851f726131bd44a6c26471746efabf5"
            ],
            "version": "==1.0.22"
        }
    },
    "develop": {}
}
